
Microsoft Visual Studio Solution File, Format Version 12.00
# Visual Studio Version 17
VisualStudioVersion = 17.8.34330.188
MinimumVisualStudioVersion = 10.0.40219.1
Project("{FAE04EC0-301F-11D3-BF4B-00C04F79EFBC}") = "CourseProvider", "CourseProvider\CourseProvider.csproj", "{37A5A265-CFB4-454C-9B31-275C8153DC11}"
EndProject
Project("{FAE04EC0-301F-11D3-BF4B-00C04F79EFBC}") = "CourseProvider.Infrastructure", "CourseProvider.Infrastructure\CourseProvider.Infrastructure.csproj", "{6110237F-73A3-4A6D-A14B-93FBB40C62C6}"
EndProject
Global
	GlobalSection(SolutionConfigurationPlatforms) = preSolution
		Debug|Any CPU = Debug|Any CPU
		Release|Any CPU = Release|Any CPU
	EndGlobalSection
	GlobalSection(ProjectConfigurationPlatforms) = postSolution
		{37A5A265-CFB4-454C-9B31-275C8153DC11}.Debug|Any CPU.ActiveCfg = Debug|Any CPU
		{37A5A265-CFB4-454C-9B31-275C8153DC11}.Debug|Any CPU.Build.0 = Debug|Any CPU
		{37A5A265-CFB4-454C-9B31-275C8153DC11}.Release|Any CPU.ActiveCfg = Release|Any CPU
		{37A5A265-CFB4-454C-9B31-275C8153DC11}.Release|Any CPU.Build.0 = Release|Any CPU
		{6110237F-73A3-4A6D-A14B-93FBB40C62C6}.Debug|Any CPU.ActiveCfg = Debug|Any CPU
		{6110237F-73A3-4A6D-A14B-93FBB40C62C6}.Debug|Any CPU.Build.0 = Debug|Any CPU
		{6110237F-73A3-4A6D-A14B-93FBB40C62C6}.Release|Any CPU.ActiveCfg = Release|Any CPU
		{6110237F-73A3-4A6D-A14B-93FBB40C62C6}.Release|Any CPU.Build.0 = Release|Any CPU
	EndGlobalSection
	GlobalSection(SolutionProperties) = preSolution
		HideSolutionNode = FALSE
	EndGlobalSection
	GlobalSection(ExtensibilityGlobals) = postSolution
		SolutionGuid = {3E266C31-461F-4648-A97B-9872D21180BB}
	EndGlobalSection
EndGlobal
